
Microsoft Visual Studio Solution File, Format Version 12.00
# Visual Studio Version 16
VisualStudioVersion = 16.0.31005.135
MinimumVisualStudioVersion = 10.0.40219.1
Project("{FAE04EC0-301F-11D3-BF4B-00C04F79EFBC}") = "Stock", "Stock\Stock.csproj", "{484A2102-4F15-4DD9-89F3-31D018659811}"
EndProject
Global
	GlobalSection(SolutionConfigurationPlatforms) = preSolution
		Debug|Any CPU = Debug|Any CPU
		Release|Any CPU = Release|Any CPU
	EndGlobalSection
	GlobalSection(ProjectConfigurationPlatforms) = postSolution
		{484A2102-4F15-4DD9-89F3-31D018659811}.Debug|Any CPU.ActiveCfg = Debug|Any CPU
		{484A2102-4F15-4DD9-89F3-31D018659811}.Debug|Any CPU.Build.0 = Debug|Any CPU
		{484A2102-4F15-4DD9-89F3-31D018659811}.Release|Any CPU.ActiveCfg = Release|Any CPU
		{484A2102-4F15-4DD9-89F3-31D018659811}.Release|Any CPU.Build.0 = Release|Any CPU
	EndGlobalSection
	GlobalSection(SolutionProperties) = preSolution
		HideSolutionNode = FALSE
	EndGlobalSection
	GlobalSection(ExtensibilityGlobals) = postSolution
		SolutionGuid = {21B5C003-8761-4874-A054-041F6C461F21}
	EndGlobalSection
EndGlobal
